// !$*UTF8*$!
{
	archiveVersion = 1;
	classes = {
	};
	objectVersion = 48;
	objects = {

/* Begin PBXBuildFile section */
		A10AD30F20043DA300A57B1F /* SQLite.framework in Frameworks */ = {isa = PBXBuildFile; fileRef = A10AD30220043D7200A57B1F /* SQLite.framework */; };
		A10AD31020043DAE00A57B1F /* SQLite.framework in Frameworks */ = {isa = PBXBuildFile; fileRef = A10AD30220043D7200A57B1F /* SQLite.framework */; };
		A10AD31120043DAE00A57B1F /* SQLite.framework in Embed Frameworks */ = {isa = PBXBuildFile; fileRef = A10AD30220043D7200A57B1F /* SQLite.framework */; settings = {ATTRIBUTES = (CodeSignOnCopy, RemoveHeadersOnCopy, ); }; };
		A10AD316200444F400A57B1F /* Database.swift in Sources */ = {isa = PBXBuildFile; fileRef = A10AD315200444F400A57B1F /* Database.swift */; };
		A124D7852002812E00160579 /* AddViewController.swift in Sources */ = {isa = PBXBuildFile; fileRef = A124D7842002812E00160579 /* AddViewController.swift */; };
		A124D7872002895600160579 /* XLXContact.swift in Sources */ = {isa = PBXBuildFile; fileRef = A124D7862002895600160579 /* XLXContact.swift */; };
		A1FD367D2001DED90011B12E /* AppDelegate.swift in Sources */ = {isa = PBXBuildFile; fileRef = A1FD367C2001DED90011B12E /* AppDelegate.swift */; };
		A1FD367F2001DED90011B12E /* ViewController.swift in Sources */ = {isa = PBXBuildFile; fileRef = A1FD367E2001DED90011B12E /* ViewController.swift */; };
		A1FD36822001DED90011B12E /* Main.storyboard in Resources */ = {isa = PBXBuildFile; fileRef = A1FD36802001DED90011B12E /* Main.storyboard */; };
		A1FD36852001DED90011B12E /* SystemEtu.xcdatamodeld in Sources */ = {isa = PBXBuildFile; fileRef = A1FD36832001DED90011B12E /* SystemEtu.xcdatamodeld */; };
		A1FD36872001DED90011B12E /* Assets.xcassets in Resources */ = {isa = PBXBuildFile; fileRef = A1FD36862001DED90011B12E /* Assets.xcassets */; };
		A1FD368A2001DED90011B12E /* LaunchScreen.storyboard in Resources */ = {isa = PBXBuildFile; fileRef = A1FD36882001DED90011B12E /* LaunchScreen.storyboard */; };
		A1FD36972001EDD20011B12E /* Etudent.swift in Sources */ = {isa = PBXBuildFile; fileRef = A1FD36962001EDD20011B12E /* Etudent.swift */; };
		A1FD369A2001F1B70011B12E /* CoreData.framework in Frameworks */ = {isa = PBXBuildFile; fileRef = A1FD36992001F1B70011B12E /* CoreData.framework */; };
		A1FD369C200200DC0011B12E /* LoginViewController.swift in Sources */ = {isa = PBXBuildFile; fileRef = A1FD369B200200DC0011B12E /* LoginViewController.swift */; };
		A1FD369F200210080011B12E /* SystemTableViewController.swift in Sources */ = {isa = PBXBuildFile; fileRef = A1FD369E200210080011B12E /* SystemTableViewController.swift */; };
		A1FD36A220024C910011B12E /* dbEtu.swift in Sources */ = {isa = PBXBuildFile; fileRef = A1FD36A120024C910011B12E /* dbEtu.swift */; };
		A1FD36A620026FB00011B12E /* DetailViewController.swift in Sources */ = {isa = PBXBuildFile; fileRef = A1FD36A520026FB00011B12E /* DetailViewController.swift */; };
		A1FD36A92002753D0011B12E /* md5Safe.swift in Sources */ = {isa = PBXBuildFile; fileRef = A1FD36A82002753D0011B12E /* md5Safe.swift */; };
/* End PBXBuildFile section */

/* Begin PBXContainerItemProxy section */
		A10AD30120043D7200A57B1F /* PBXContainerItemProxy */ = {
			isa = PBXContainerItemProxy;
			containerPortal = A10AD2F720043D7200A57B1F /* SQLite.xcodeproj */;
			proxyType = 2;
			remoteGlobalIDString = EE247AD31C3F04ED00AE3E12;
			remoteInfo = "SQLite iOS";
		};
		A10AD30320043D7200A57B1F /* PBXContainerItemProxy */ = {
			isa = PBXContainerItemProxy;
			containerPortal = A10AD2F720043D7200A57B1F /* SQLite.xcodeproj */;
			proxyType = 2;
			remoteGlobalIDString = EE247ADD1C3F04ED00AE3E12;
			remoteInfo = "SQLiteTests iOS";
		};
		A10AD30520043D7200A57B1F /* PBXContainerItemProxy */ = {
			isa = PBXContainerItemProxy;
			containerPortal = A10AD2F720043D7200A57B1F /* SQLite.xcodeproj */;
			proxyType = 2;
			remoteGlobalIDString = EE247B3C1C3F3ED000AE3E12;
			remoteInfo = "SQLite Mac";
		};
		A10AD30720043D7200A57B1F /* PBXContainerItemProxy */ = {
			isa = PBXContainerItemProxy;
			containerPortal = A10AD2F720043D7200A57B1F /* SQLite.xcodeproj */;
			proxyType = 2;
			remoteGlobalIDString = EE247B451C3F3ED000AE3E12;
			remoteInfo = "SQLiteTests Mac";
		};
		A10AD30920043D7200A57B1F /* PBXContainerItemProxy */ = {
			isa = PBXContainerItemProxy;
			containerPortal = A10AD2F720043D7200A57B1F /* SQLite.xcodeproj */;
			proxyType = 2;
			remoteGlobalIDString = 03A65E5A1C6BB0F50062603F;
			remoteInfo = "SQLite tvOS";
		};
		A10AD30B20043D7200A57B1F /* PBXContainerItemProxy */ = {
			isa = PBXContainerItemProxy;
			containerPortal = A10AD2F720043D7200A57B1F /* SQLite.xcodeproj */;
			proxyType = 2;
			remoteGlobalIDString = 03A65E631C6BB0F60062603F;
			remoteInfo = "SQLiteTests tvOS";
		};
		A10AD30D20043D7200A57B1F /* PBXContainerItemProxy */ = {
			isa = PBXContainerItemProxy;
			containerPortal = A10AD2F720043D7200A57B1F /* SQLite.xcodeproj */;
			proxyType = 2;
			remoteGlobalIDString = A121AC451CA35C79005A31D1;
			remoteInfo = "SQLite watchOS";
		};
		A10AD31220043DAE00A57B1F /* PBXContainerItemProxy */ = {
			isa = PBXContainerItemProxy;
			containerPortal = A10AD2F720043D7200A57B1F /* SQLite.xcodeproj */;
			proxyType = 1;
			remoteGlobalIDString = EE247AD21C3F04ED00AE3E12;
			remoteInfo = "SQLite iOS";
		};
/* End PBXContainerItemProxy section */

/* Begin PBXCopyFilesBuildPhase section */
		A10AD31420043DAE00A57B1F /* Embed Frameworks */ = {
			isa = PBXCopyFilesBuildPhase;
			buildActionMask = 2147483647;
			dstPath = "";
			dstSubfolderSpec = 10;
			files = (
				A10AD31120043DAE00A57B1F /* SQLite.framework in Embed Frameworks */,
			);
			name = "Embed Frameworks";
			runOnlyForDeploymentPostprocessing = 0;
		};
/* End PBXCopyFilesBuildPhase section */

/* Begin PBXFileReference section */
		A10AD2F720043D7200A57B1F /* SQLite.xcodeproj */ = {isa = PBXFileReference; lastKnownFileType = "wrapper.pb-project"; name = SQLite.xcodeproj; path = "../../../../../Desktop/SQLite.swift-master/SQLite.xcodeproj"; sourceTree = "<group>"; };
		A10AD315200444F400A57B1F /* Database.swift */ = {isa = PBXFileReference; lastKnownFileType = sourcecode.swift; path = Database.swift; sourceTree = "<group>"; };
		A124D7842002812E00160579 /* AddViewController.swift */ = {isa = PBXFileReference; lastKnownFileType = sourcecode.swift; path = AddViewController.swift; sourceTree = "<group>"; };
		A124D7862002895600160579 /* XLXContact.swift */ = {isa = PBXFileReference; lastKnownFileType = sourcecode.swift; path = XLXContact.swift; sourceTree = "<group>"; };
		A1D1748A2002B43800B3685D /* SystemEtu-Bridging-Header.h */ = {isa = PBXFileReference; lastKnownFileType = sourcecode.c.h; path = "SystemEtu-Bridging-Header.h"; sourceTree = "<group>"; };
		A1FD36792001DED90011B12E /* SystemEtu.app */ = {isa = PBXFileReference; explicitFileType = wrapper.application; includeInIndex = 0; path = SystemEtu.app; sourceTree = BUILT_PRODUCTS_DIR; };
		A1FD367C2001DED90011B12E /* AppDelegate.swift */ = {isa = PBXFileReference; lastKnownFileType = sourcecode.swift; path = AppDelegate.swift; sourceTree = "<group>"; };
		A1FD367E2001DED90011B12E /* ViewController.swift */ = {isa = PBXFileReference; lastKnownFileType = sourcecode.swift; path = ViewController.swift; sourceTree = "<group>"; };
		A1FD36812001DED90011B12E /* Base */ = {isa = PBXFileReference; lastKnownFileType = file.storyboard; name = Base; path = Base.lproj/Main.storyboard; sourceTree = "<group>"; };
		A1FD36842001DED90011B12E /* SystemEtu.xcdatamodel */ = {isa = PBXFileReference; lastKnownFileType = wrapper.xcdatamodel; path = SystemEtu.xcdatamodel; sourceTree = "<group>"; };
		A1FD36862001DED90011B12E /* Assets.xcassets */ = {isa = PBXFileReference; lastKnownFileType = folder.assetcatalog; path = Assets.xcassets; sourceTree = "<group>"; };
		A1FD36892001DED90011B12E /* Base */ = {isa = PBXFileReference; lastKnownFileType = file.storyboard; name = Base; path = Base.lproj/LaunchScreen.storyboard; sourceTree = "<group>"; };
		A1FD368B2001DED90011B12E /* Info.plist */ = {isa = PBXFileReference; lastKnownFileType = text.plist.xml; path = Info.plist; sourceTree = "<group>"; };
		A1FD36962001EDD20011B12E /* Etudent.swift */ = {isa = PBXFileReference; lastKnownFileType = sourcecode.swift; path = Etudent.swift; sourceTree = "<group>"; };
		A1FD36992001F1B70011B12E /* CoreData.framework */ = {isa = PBXFileReference; lastKnownFileType = wrapper.framework; name = CoreData.framework; path = System/Library/Frameworks/CoreData.framework; sourceTree = SDKROOT; };
		A1FD369B200200DC0011B12E /* LoginViewController.swift */ = {isa = PBXFileReference; lastKnownFileType = sourcecode.swift; path = LoginViewController.swift; sourceTree = "<group>"; };
		A1FD369E200210080011B12E /* SystemTableViewController.swift */ = {isa = PBXFileReference; lastKnownFileType = sourcecode.swift; path = SystemTableViewController.swift; sourceTree = "<group>"; };
		A1FD36A120024C910011B12E /* dbEtu.swift */ = {isa = PBXFileReference; fileEncoding = 4; lastKnownFileType = sourcecode.swift; name = dbEtu.swift; path = ../../../../../../../Downloads/resultat_module_cursus_swift/dbEtu.swift; sourceTree = "<group>"; };
		A1FD36A520026FB00011B12E /* DetailViewController.swift */ = {isa = PBXFileReference; lastKnownFileType = sourcecode.swift; path = DetailViewController.swift; sourceTree = "<group>"; };
		A1FD36A82002753D0011B12E /* md5Safe.swift */ = {isa = PBXFileReference; lastKnownFileType = sourcecode.swift; path = md5Safe.swift; sourceTree = "<group>"; };
/* End PBXFileReference section */

/* Begin PBXFrameworksBuildPhase section */
		A1FD36762001DED90011B12E /* Frameworks */ = {
			isa = PBXFrameworksBuildPhase;
			buildActionMask = 2147483647;
			files = (
				A10AD30F20043DA300A57B1F /* SQLite.framework in Frameworks */,
				A1FD369A2001F1B70011B12E /* CoreData.framework in Frameworks */,
				A10AD31020043DAE00A57B1F /* SQLite.framework in Frameworks */,
			);
			runOnlyForDeploymentPostprocessing = 0;
		};
/* End PBXFrameworksBuildPhase section */

/* Begin PBXGroup section */
		A10AD2F820043D7200A57B1F /* Products */ = {
			isa = PBXGroup;
			children = (
				A10AD30220043D7200A57B1F /* SQLite.framework */,
				A10AD30420043D7200A57B1F /* SQLiteTests iOS.xctest */,
				A10AD30620043D7200A57B1F /* SQLite.framework */,
				A10AD30820043D7200A57B1F /* SQLiteTests Mac.xctest */,
				A10AD30A20043D7200A57B1F /* SQLite.framework */,
				A10AD30C20043D7200A57B1F /* SQLiteTests tvOS.xctest */,
				A10AD30E20043D7200A57B1F /* SQLite.framework */,
			);
			name = Products;
			sourceTree = "<group>";
		};
		A1FD36702001DED90011B12E = {
			isa = PBXGroup;
			children = (
				A1FD367B2001DED90011B12E /* SystemEtu */,
				A1FD367A2001DED90011B12E /* Products */,
				A10AD2F720043D7200A57B1F /* SQLite.xcodeproj */,
				A1FD36982001F1B60011B12E /* Frameworks */,
				A1D1748A2002B43800B3685D /* SystemEtu-Bridging-Header.h */,
			);
			sourceTree = "<group>";
		};
		A1FD367A2001DED90011B12E /* Products */ = {
			isa = PBXGroup;
			children = (
				A1FD36792001DED90011B12E /* SystemEtu.app */,
			);
			name = Products;
			sourceTree = "<group>";
		};
		A1FD367B2001DED90011B12E /* SystemEtu */ = {
			isa = PBXGroup;
			children = (
				A1FD36932001DF130011B12E /* Resource */,
				A1FD36922001DF010011B12E /* Model */,
				A1FD36912001DEF50011B12E /* Controller */,
				A1FD367C2001DED90011B12E /* AppDelegate.swift */,
				A1FD367E2001DED90011B12E /* ViewController.swift */,
				A1FD36802001DED90011B12E /* Main.storyboard */,
				A1FD36862001DED90011B12E /* Assets.xcassets */,
				A1FD36882001DED90011B12E /* LaunchScreen.storyboard */,
				A1FD368B2001DED90011B12E /* Info.plist */,
				A1FD36832001DED90011B12E /* SystemEtu.xcdatamodeld */,
				A1FD36A82002753D0011B12E /* md5Safe.swift */,
				A124D7862002895600160579 /* XLXContact.swift */,
				A10AD315200444F400A57B1F /* Database.swift */,
			);
			path = SystemEtu;
			sourceTree = "<group>";
		};
		A1FD36912001DEF50011B12E /* Controller */ = {
			isa = PBXGroup;
			children = (
				A1FD369B200200DC0011B12E /* LoginViewController.swift */,
				A1FD369E200210080011B12E /* SystemTableViewController.swift */,
				A1FD36A520026FB00011B12E /* DetailViewController.swift */,
				A124D7842002812E00160579 /* AddViewController.swift */,
			);
			path = Controller;
			sourceTree = "<group>";
		};
		A1FD36922001DF010011B12E /* Model */ = {
			isa = PBXGroup;
			children = (
				A1FD36962001EDD20011B12E /* Etudent.swift */,
				A1FD36A120024C910011B12E /* dbEtu.swift */,
			);
			path = Model;
			sourceTree = "<group>";
		};
		A1FD36932001DF130011B12E /* Resource */ = {
			isa = PBXGroup;
			children = (
			);
			path = Resource;
			sourceTree = "<group>";
		};
		A1FD36982001F1B60011B12E /* Frameworks */ = {
			isa = PBXGroup;
			children = (
				A1FD36992001F1B70011B12E /* CoreData.framework */,
			);
			name = Frameworks;
			sourceTree = "<group>";
		};
/* End PBXGroup section */

/* Begin PBXNativeTarget section */
		A1FD36782001DED90011B12E /* SystemEtu */ = {
			isa = PBXNativeTarget;
			buildConfigurationList = A1FD368E2001DED90011B12E /* Build configuration list for PBXNativeTarget "SystemEtu" */;
			buildPhases = (
				A1FD36752001DED90011B12E /* Sources */,
				A1FD36762001DED90011B12E /* Frameworks */,
				A1FD36772001DED90011B12E /* Resources */,
				A10AD31420043DAE00A57B1F /* Embed Frameworks */,
			);
			buildRules = (
			);
			dependencies = (
				A10AD31320043DAE00A57B1F /* PBXTargetDependency */,
			);
			name = SystemEtu;
			productName = SystemEtu;
			productReference = A1FD36792001DED90011B12E /* SystemEtu.app */;
			productType = "com.apple.product-type.application";
		};
/* End PBXNativeTarget section */

/* Begin PBXProject section */
		A1FD36712001DED90011B12E /* Project object */ = {
			isa = PBXProject;
			attributes = {
				LastSwiftUpdateCheck = 0920;
				LastUpgradeCheck = 0920;
				ORGANIZATIONNAME = if26;
				TargetAttributes = {
					A1FD36782001DED90011B12E = {
						CreatedOnToolsVersion = 9.2;
						LastSwiftMigration = 0920;
						ProvisioningStyle = Automatic;
					};
				};
			};
			buildConfigurationList = A1FD36742001DED90011B12E /* Build configuration list for PBXProject "SystemEtu" */;
			compatibilityVersion = "Xcode 8.0";
			developmentRegion = en;
			hasScannedForEncodings = 0;
			knownRegions = (
				en,
				Base,
			);
			mainGroup = A1FD36702001DED90011B12E;
			productRefGroup = A1FD367A2001DED90011B12E /* Products */;
			projectDirPath = "";
			projectReferences = (
				{
					ProductGroup = A10AD2F820043D7200A57B1F /* Products */;
					ProjectRef = A10AD2F720043D7200A57B1F /* SQLite.xcodeproj */;
				},
			);
			projectRoot = "";
			targets = (
				A1FD36782001DED90011B12E /* SystemEtu */,
			);
		};
/* End PBXProject section */

/* Begin PBXReferenceProxy section */
		A10AD30220043D7200A57B1F /* SQLite.framework */ = {
			isa = PBXReferenceProxy;
			fileType = wrapper.framework;
			path = SQLite.framework;
			remoteRef = A10AD30120043D7200A57B1F /* PBXContainerItemProxy */;
			sourceTree = BUILT_PRODUCTS_DIR;
		};
		A10AD30420043D7200A57B1F /* SQLiteTests iOS.xctest */ = {
			isa = PBXReferenceProxy;
			fileType = wrapper.cfbundle;
			path = "SQLiteTests iOS.xctest";
			remoteRef = A10AD30320043D7200A57B1F /* PBXContainerItemProxy */;
			sourceTree = BUILT_PRODUCTS_DIR;
		};
		A10AD30620043D7200A57B1F /* SQLite.framework */ = {
			isa = PBXReferenceProxy;
			fileType = wrapper.framework;
			path = SQLite.framework;
			remoteRef = A10AD30520043D7200A57B1F /* PBXContainerItemProxy */;
			sourceTree = BUILT_PRODUCTS_DIR;
		};
		A10AD30820043D7200A57B1F /* SQLiteTests Mac.xctest */ = {
			isa = PBXReferenceProxy;
			fileType = wrapper.cfbundle;
			path = "SQLiteTests Mac.xctest";
			remoteRef = A10AD30720043D7200A57B1F /* PBXContainerItemProxy */;
			sourceTree = BUILT_PRODUCTS_DIR;
		};
		A10AD30A20043D7200A57B1F /* SQLite.framework */ = {
			isa = PBXReferenceProxy;
			fileType = wrapper.framework;
			path = SQLite.framework;
			remoteRef = A10AD30920043D7200A57B1F /* PBXContainerItemProxy */;
			sourceTree = BUILT_PRODUCTS_DIR;
		};
		A10AD30C20043D7200A57B1F /* SQLiteTests tvOS.xctest */ = {
			isa = PBXReferenceProxy;
			fileType = wrapper.cfbundle;
			path = "SQLiteTests tvOS.xctest";
			remoteRef = A10AD30B20043D7200A57B1F /* PBXContainerItemProxy */;
			sourceTree = BUILT_PRODUCTS_DIR;
		};
		A10AD30E20043D7200A57B1F /* SQLite.framework */ = {
			isa = PBXReferenceProxy;
			fileType = wrapper.framework;
			path = SQLite.framework;
			remoteRef = A10AD30D20043D7200A57B1F /* PBXContainerItemProxy */;
			sourceTree = BUILT_PRODUCTS_DIR;
		};
/* End PBXReferenceProxy section */

/* Begin PBXResourcesBuildPhase section */
		A1FD36772001DED90011B12E /* Resources */ = {
			isa = PBXResourcesBuildPhase;
			buildActionMask = 2147483647;
			files = (
				A1FD368A2001DED90011B12E /* LaunchScreen.storyboard in Resources */,
				A1FD36872001DED90011B12E /* Assets.xcassets in Resources */,
				A1FD36822001DED90011B12E /* Main.storyboard in Resources */,
			);
			runOnlyForDeploymentPostprocessing = 0;
		};
/* End PBXResourcesBuildPhase section */

/* Begin PBXSourcesBuildPhase section */
		A1FD36752001DED90011B12E /* Sources */ = {
			isa = PBXSourcesBuildPhase;
			buildActionMask = 2147483647;
			files = (
				A124D7852002812E00160579 /* AddViewController.swift in Sources */,
				A1FD367F2001DED90011B12E /* ViewController.swift in Sources */,
				A1FD36A92002753D0011B12E /* md5Safe.swift in Sources */,
				A1FD36972001EDD20011B12E /* Etudent.swift in Sources */,
				A1FD36852001DED90011B12E /* SystemEtu.xcdatamodeld in Sources */,
				A1FD369C200200DC0011B12E /* LoginViewController.swift in Sources */,
				A10AD316200444F400A57B1F /* Database.swift in Sources */,
				A1FD369F200210080011B12E /* SystemTableViewController.swift in Sources */,
				A1FD367D2001DED90011B12E /* AppDelegate.swift in Sources */,
				A1FD36A220024C910011B12E /* dbEtu.swift in Sources */,
				A124D7872002895600160579 /* XLXContact.swift in Sources */,
				A1FD36A620026FB00011B12E /* DetailViewController.swift in Sources */,
			);
			runOnlyForDeploymentPostprocessing = 0;
		};
/* End PBXSourcesBuildPhase section */

/* Begin PBXTargetDependency section */
		A10AD31320043DAE00A57B1F /* PBXTargetDependency */ = {
			isa = PBXTargetDependency;
			name = "SQLite iOS";
			targetProxy = A10AD31220043DAE00A57B1F /* PBXContainerItemProxy */;
		};
/* End PBXTargetDependency section */

/* Begin PBXVariantGroup section */
		A1FD36802001DED90011B12E /* Main.storyboard */ = {
			isa = PBXVariantGroup;
			children = (
				A1FD36812001DED90011B12E /* Base */,
			);
			name = Main.storyboard;
			sourceTree = "<group>";
		};
		A1FD36882001DED90011B12E /* LaunchScreen.storyboard */ = {
			isa = PBXVariantGroup;
			children = (
				A1FD36892001DED90011B12E /* Base */,
			);
			name = LaunchScreen.storyboard;
			sourceTree = "<group>";
		};
/* End PBXVariantGroup section */

/* Begin XCBuildConfiguration section */
		A1FD368C2001DED90011B12E /* Debug */ = {
			isa = XCBuildConfiguration;
			buildSettings = {
				ALWAYS_SEARCH_USER_PATHS = NO;
				CLANG_ANALYZER_NONNULL = YES;
				CLANG_ANALYZER_NUMBER_OBJECT_CONVERSION = YES_AGGRESSIVE;
				CLANG_CXX_LANGUAGE_STANDARD = "gnu++14";
				CLANG_CXX_LIBRARY = "libc++";
				CLANG_ENABLE_MODULES = YES;
				CLANG_ENABLE_OBJC_ARC = YES;
				CLANG_WARN_BLOCK_CAPTURE_AUTORELEASING = YES;
				CLANG_WARN_BOOL_CONVERSION = YES;
				CLANG_WARN_COMMA = YES;
				CLANG_WARN_CONSTANT_CONVERSION = YES;
				CLANG_WARN_DIRECT_OBJC_ISA_USAGE = YES_ERROR;
				CLANG_WARN_DOCUMENTATION_COMMENTS = YES;
				CLANG_WARN_EMPTY_BODY = YES;
				CLANG_WARN_ENUM_CONVERSION = YES;
				CLANG_WARN_INFINITE_RECURSION = YES;
				CLANG_WARN_INT_CONVERSION = YES;
				CLANG_WARN_NON_LITERAL_NULL_CONVERSION = YES;
				CLANG_WARN_OBJC_LITERAL_CONVERSION = YES;
				CLANG_WARN_OBJC_ROOT_CLASS = YES_ERROR;
				CLANG_WARN_RANGE_LOOP_ANALYSIS = YES;
				CLANG_WARN_STRICT_PROTOTYPES = YES;
				CLANG_WARN_SUSPICIOUS_MOVE = YES;
				CLANG_WARN_UNGUARDED_AVAILABILITY = YES_AGGRESSIVE;
				CLANG_WARN_UNREACHABLE_CODE = YES;
				CLANG_WARN__DUPLICATE_METHOD_MATCH = YES;
				CODE_SIGN_IDENTITY = "iPhone Developer";
				COPY_PHASE_STRIP = NO;
				DEBUG_INFORMATION_FORMAT = dwarf;
				ENABLE_STRICT_OBJC_MSGSEND = YES;
				ENABLE_TESTABILITY = YES;
				GCC_C_LANGUAGE_STANDARD = gnu11;
				GCC_DYNAMIC_NO_PIC = NO;
				GCC_NO_COMMON_BLOCKS = YES;
				GCC_OPTIMIZATION_LEVEL = 0;
				GCC_PREPROCESSOR_DEFINITIONS = (
					"DEBUG=1",
					"$(inherited)",
				);
				GCC_WARN_64_TO_32_BIT_CONVERSION = YES;
				GCC_WARN_ABOUT_RETURN_TYPE = YES_ERROR;
				GCC_WARN_UNDECLARED_SELECTOR = YES;
				GCC_WARN_UNINITIALIZED_AUTOS = YES_AGGRESSIVE;
				GCC_WARN_UNUSED_FUNCTION = YES;
				GCC_WARN_UNUSED_VARIABLE = YES;
				IPHONEOS_DEPLOYMENT_TARGET = 11.2;
				MTL_ENABLE_DEBUG_INFO = YES;
				ONLY_ACTIVE_ARCH = YES;
				SDKROOT = iphoneos;
				SWIFT_ACTIVE_COMPILATION_CONDITIONS = DEBUG;
				SWIFT_OBJC_BRIDGING_HEADER = "/Users/an/Documents/untitled folder/langue c/IF26/SystemEtu/SystemEtu/md5Security_bridging_Header.h";
				SWIFT_OPTIMIZATION_LEVEL = "-Onone";
			};
			name = Debug;
		};
		A1FD368D2001DED90011B12E /* Release */ = {
			isa = XCBuildConfiguration;
			buildSettings = {
				ALWAYS_SEARCH_USER_PATHS = NO;
				CLANG_ANALYZER_NONNULL = YES;
				CLANG_ANALYZER_NUMBER_OBJECT_CONVERSION = YES_AGGRESSIVE;
				CLANG_CXX_LANGUAGE_STANDARD = "gnu++14";
				CLANG_CXX_LIBRARY = "libc++";
				CLANG_ENABLE_MODULES = YES;
				CLANG_ENABLE_OBJC_ARC = YES;
				CLANG_WARN_BLOCK_CAPTURE_AUTORELEASING = YES;
				CLANG_WARN_BOOL_CONVERSION = YES;
				CLANG_WARN_COMMA = YES;
				CLANG_WARN_CONSTANT_CONVERSION = YES;
				CLANG_WARN_DIRECT_OBJC_ISA_USAGE = YES_ERROR;
				CLANG_WARN_DOCUMENTATION_COMMENTS = YES;
				CLANG_WARN_EMPTY_BODY = YES;
				CLANG_WARN_ENUM_CONVERSION = YES;
				CLANG_WARN_INFINITE_RECURSION = YES;
				CLANG_WARN_INT_CONVERSION = YES;
				CLANG_WARN_NON_LITERAL_NULL_CONVERSION = YES;
				CLANG_WARN_OBJC_LITERAL_CONVERSION = YES;
				CLANG_WARN_OBJC_ROOT_CLASS = YES_ERROR;
				CLANG_WARN_RANGE_LOOP_ANALYSIS = YES;
				CLANG_WARN_STRICT_PROTOTYPES = YES;
				CLANG_WARN_SUSPICIOUS_MOVE = YES;
				CLANG_WARN_UNGUARDED_AVAILABILITY = YES_AGGRESSIVE;
				CLANG_WARN_UNREACHABLE_CODE = YES;
				CLANG_WARN__DUPLICATE_METHOD_MATCH = YES;
				CODE_SIGN_IDENTITY = "iPhone Developer";
				COPY_PHASE_STRIP = NO;
				DEBUG_INFORMATION_FORMAT = "dwarf-with-dsym";
				ENABLE_NS_ASSERTIONS = NO;
				ENABLE_STRICT_OBJC_MSGSEND = YES;
				GCC_C_LANGUAGE_STANDARD = gnu11;
				GCC_NO_COMMON_BLOCKS = YES;
				GCC_WARN_64_TO_32_BIT_CONVERSION = YES;
				GCC_WARN_ABOUT_RETURN_TYPE = YES_ERROR;
				GCC_WARN_UNDECLARED_SELECTOR = YES;
				GCC_WARN_UNINITIALIZED_AUTOS = YES_AGGRESSIVE;
				GCC_WARN_UNUSED_FUNCTION = YES;
				GCC_WARN_UNUSED_VARIABLE = YES;
				IPHONEOS_DEPLOYMENT_TARGET = 11.2;
				MTL_ENABLE_DEBUG_INFO = NO;
				SDKROOT = iphoneos;
				SWIFT_OBJC_BRIDGING_HEADER = "/Users/an/Documents/untitled folder/langue c/IF26/SystemEtu/SystemEtu/md5Security_bridging_Header.h";
				SWIFT_OPTIMIZATION_LEVEL = "-Owholemodule";
				VALIDATE_PRODUCT = YES;
			};
			name = Release;
		};
		A1FD368F2001DED90011B12E /* Debug */ = {
			isa = XCBuildConfiguration;
			buildSettings = {
				ALWAYS_EMBED_SWIFT_STANDARD_LIBRARIES = YES;
				ASSETCATALOG_COMPILER_APPICON_NAME = AppIcon;
				CLANG_ENABLE_MODULES = YES;
				CODE_SIGN_STYLE = Automatic;
				INFOPLIST_FILE = SystemEtu/Info.plist;
				LD_RUNPATH_SEARCH_PATHS = "$(inherited) @executable_path/Frameworks";
				PRODUCT_BUNDLE_IDENTIFIER = fr.utt.if26.SystemEtu;
				PRODUCT_NAME = "$(TARGET_NAME)";
				SWIFT_OBJC_BRIDGING_HEADER = "SystemEtu-Bridging-Header.h";
				SWIFT_OPTIMIZATION_LEVEL = "-Onone";
				SWIFT_VERSION = 4.0;
				TARGETED_DEVICE_FAMILY = "1,2";
			};
			name = Debug;
		};
		A1FD36902001DED90011B12E /* Release */ = {
			isa = XCBuildConfiguration;
			buildSettings = {
				ALWAYS_EMBED_SWIFT_STANDARD_LIBRARIES = YES;
				ASSETCATALOG_COMPILER_APPICON_NAME = AppIcon;
				CLANG_ENABLE_MODULES = YES;
				CODE_SIGN_STYLE = Automatic;
				INFOPLIST_FILE = SystemEtu/Info.plist;
				LD_RUNPATH_SEARCH_PATHS = "$(inherited) @executable_path/Frameworks";
				PRODUCT_BUNDLE_IDENTIFIER = fr.utt.if26.SystemEtu;
				PRODUCT_NAME = "$(TARGET_NAME)";
				SWIFT_OBJC_BRIDGING_HEADER = "SystemEtu-Bridging-Header.h";
				SWIFT_VERSION = 4.0;
				TARGETED_DEVICE_FAMILY = "1,2";
			};
			name = Release;
		};
/* End XCBuildConfiguration section */

/* Begin XCConfigurationList section */
		A1FD36742001DED90011B12E /* Build configuration list for PBXProject "SystemEtu" */ = {
			isa = XCConfigurationList;
			buildConfigurations = (
				A1FD368C2001DED90011B12E /* Debug */,
				A1FD368D2001DED90011B12E /* Release */,
			);
			defaultConfigurationIsVisible = 0;
			defaultConfigurationName = Release;
		};
		A1FD368E2001DED90011B12E /* Build configuration list for PBXNativeTarget "SystemEtu" */ = {
			isa = XCConfigurationList;
			buildConfigurations = (
				A1FD368F2001DED90011B12E /* Debug */,
				A1FD36902001DED90011B12E /* Release */,
			);
			defaultConfigurationIsVisible = 0;
			defaultConfigurationName = Release;
		};
/* End XCConfigurationList section */

/* Begin XCVersionGroup section */
		A1FD36832001DED90011B12E /* SystemEtu.xcdatamodeld */ = {
			isa = XCVersionGroup;
			children = (
				A1FD36842001DED90011B12E /* SystemEtu.xcdatamodel */,
			);
			currentVersion = A1FD36842001DED90011B12E /* SystemEtu.xcdatamodel */;
			path = SystemEtu.xcdatamodeld;
			sourceTree = "<group>";
			versionGroupType = wrapper.xcdatamodel;
		};
/* End XCVersionGroup section */
	};
	rootObject = A1FD36712001DED90011B12E /* Project object */;
}
